
Microsoft Visual Studio Solution File, Format Version 12.00
# Visual Studio Version 17
VisualStudioVersion = 17.8.34330.188
MinimumVisualStudioVersion = 10.0.40219.1
Project("{FAE04EC0-301F-11D3-BF4B-00C04F79EFBC}") = "LojaAPI", "LojaAPI\LojaAPI.csproj", "{8ED90422-7675-4948-803B-EC72337E6515}"
EndProject
Global
	GlobalSection(SolutionConfigurationPlatforms) = preSolution
		Debug|Any CPU = Debug|Any CPU
		Release|Any CPU = Release|Any CPU
	EndGlobalSection
	GlobalSection(ProjectConfigurationPlatforms) = postSolution
		{8ED90422-7675-4948-803B-EC72337E6515}.Debug|Any CPU.ActiveCfg = Debug|Any CPU
		{8ED90422-7675-4948-803B-EC72337E6515}.Debug|Any CPU.Build.0 = Debug|Any CPU
		{8ED90422-7675-4948-803B-EC72337E6515}.Release|Any CPU.ActiveCfg = Release|Any CPU
		{8ED90422-7675-4948-803B-EC72337E6515}.Release|Any CPU.Build.0 = Release|Any CPU
	EndGlobalSection
	GlobalSection(SolutionProperties) = preSolution
		HideSolutionNode = FALSE
	EndGlobalSection
	GlobalSection(ExtensibilityGlobals) = postSolution
		SolutionGuid = {8E2F89F3-B770-4898-BCE2-43274D794631}
	EndGlobalSection
EndGlobal
