
Microsoft Visual Studio Solution File, Format Version 12.00
# Visual Studio Version 17
VisualStudioVersion = 17.4.33205.214
MinimumVisualStudioVersion = 10.0.40219.1
Project("{9A19103F-16F7-4668-BE54-9A1E7A4F7556}") = "Conexao_MySql_C", "Conexao_MySql_C\Conexao_MySql_C.csproj", "{4D47DFB0-C8A7-4E1B-8D66-171975726B77}"
EndProject
Global
	GlobalSection(SolutionConfigurationPlatforms) = preSolution
		Debug|Any CPU = Debug|Any CPU
		Release|Any CPU = Release|Any CPU
	EndGlobalSection
	GlobalSection(ProjectConfigurationPlatforms) = postSolution
		{4D47DFB0-C8A7-4E1B-8D66-171975726B77}.Debug|Any CPU.ActiveCfg = Debug|Any CPU
		{4D47DFB0-C8A7-4E1B-8D66-171975726B77}.Debug|Any CPU.Build.0 = Debug|Any CPU
		{4D47DFB0-C8A7-4E1B-8D66-171975726B77}.Release|Any CPU.ActiveCfg = Release|Any CPU
		{4D47DFB0-C8A7-4E1B-8D66-171975726B77}.Release|Any CPU.Build.0 = Release|Any CPU
	EndGlobalSection
	GlobalSection(SolutionProperties) = preSolution
		HideSolutionNode = FALSE
	EndGlobalSection
	GlobalSection(ExtensibilityGlobals) = postSolution
		SolutionGuid = {E2023168-7064-46B2-BD94-A40CE5896C5A}
	EndGlobalSection
EndGlobal
