
Microsoft Visual Studio Solution File, Format Version 12.00
# Visual Studio Version 17
VisualStudioVersion = 17.8.34330.188
MinimumVisualStudioVersion = 10.0.40219.1
Project("{FAE04EC0-301F-11D3-BF4B-00C04F79EFBC}") = "AulaApi", "AulaApi\AulaApi.csproj", "{89813506-FABC-4094-A1C2-8A9D1FE4D89B}"
EndProject
Global
	GlobalSection(SolutionConfigurationPlatforms) = preSolution
		Debug|Any CPU = Debug|Any CPU
		Release|Any CPU = Release|Any CPU
	EndGlobalSection
	GlobalSection(ProjectConfigurationPlatforms) = postSolution
		{89813506-FABC-4094-A1C2-8A9D1FE4D89B}.Debug|Any CPU.ActiveCfg = Debug|Any CPU
		{89813506-FABC-4094-A1C2-8A9D1FE4D89B}.Debug|Any CPU.Build.0 = Debug|Any CPU
		{89813506-FABC-4094-A1C2-8A9D1FE4D89B}.Release|Any CPU.ActiveCfg = Release|Any CPU
		{89813506-FABC-4094-A1C2-8A9D1FE4D89B}.Release|Any CPU.Build.0 = Release|Any CPU
	EndGlobalSection
	GlobalSection(SolutionProperties) = preSolution
		HideSolutionNode = FALSE
	EndGlobalSection
	GlobalSection(ExtensibilityGlobals) = postSolution
		SolutionGuid = {A3E9F700-5EF6-4B31-B1AE-EF91CC2EBD8B}
	EndGlobalSection
EndGlobal
